
Microsoft Visual Studio Solution File, Format Version 12.00
# Visual Studio Version 16
VisualStudioVersion = 16.0.30225.117
MinimumVisualStudioVersion = 10.0.40219.1
Project("{FAE04EC0-301F-11D3-BF4B-00C04F79EFBC}") = "RecruitmentProject", "RecruitmentProject\RecruitmentProject.csproj", "{6BB4C059-ECEB-4959-9E0E-F42BDB99E7AB}"
EndProject
Project("{FAE04EC0-301F-11D3-BF4B-00C04F79EFBC}") = "TheWorks", "TheWorks\TheWorks.csproj", "{AE912A80-D762-4C81-8C23-A7AEEA7D9E69}"
EndProject
Global
	GlobalSection(SolutionConfigurationPlatforms) = preSolution
		Debug|Any CPU = Debug|Any CPU
		Release|Any CPU = Release|Any CPU
	EndGlobalSection
	GlobalSection(ProjectConfigurationPlatforms) = postSolution
		{6BB4C059-ECEB-4959-9E0E-F42BDB99E7AB}.Debug|Any CPU.ActiveCfg = Debug|Any CPU
		{6BB4C059-ECEB-4959-9E0E-F42BDB99E7AB}.Debug|Any CPU.Build.0 = Debug|Any CPU
		{6BB4C059-ECEB-4959-9E0E-F42BDB99E7AB}.Release|Any CPU.ActiveCfg = Release|Any CPU
		{6BB4C059-ECEB-4959-9E0E-F42BDB99E7AB}.Release|Any CPU.Build.0 = Release|Any CPU
		{AE912A80-D762-4C81-8C23-A7AEEA7D9E69}.Debug|Any CPU.ActiveCfg = Debug|Any CPU
		{AE912A80-D762-4C81-8C23-A7AEEA7D9E69}.Debug|Any CPU.Build.0 = Debug|Any CPU
		{AE912A80-D762-4C81-8C23-A7AEEA7D9E69}.Release|Any CPU.ActiveCfg = Release|Any CPU
		{AE912A80-D762-4C81-8C23-A7AEEA7D9E69}.Release|Any CPU.Build.0 = Release|Any CPU
	EndGlobalSection
	GlobalSection(SolutionProperties) = preSolution
		HideSolutionNode = FALSE
	EndGlobalSection
	GlobalSection(ExtensibilityGlobals) = postSolution
		SolutionGuid = {2EEB1EE0-A6F8-435B-96E6-919E9161A9EC}
	EndGlobalSection
EndGlobal
